<?xml version="1.0" encoding="utf-8"?>
<Project ToolsVersion="4.0" xmlns="http://schemas.microsoft.com/developer/msbuild/2003">
  <ItemGroup>
    <Filter Include="Source Files">
      <UniqueIdentifier>{4FC737F1-C7A5-4376-A066-2A32D752A2FF}</UniqueIdentifier>
      <Extensions>cpp;c;cc;cxx;c++;cppm;ixx;def;odl;idl;hpj;bat;asm;asmx</Extensions>
    </Filter>
    <Filter Include="Header Files">
      <UniqueIdentifier>{93995380-89BD-4b04-88EB-625FBE52EBFB}</UniqueIdentifier>
      <Extensions>h;hh;hpp;hxx;h++;hm;inl;inc;ipp;xsd</Extensions>
    </Filter>
    <Filter Include="Resource Files">
      <UniqueIdentifier>{67DA6AB6-F800-4c08-8B7A-83BB121AAD01}</UniqueIdentifier>
      <Extensions>rc;ico;cur;bmp;dlg;rc2;rct;bin;rgs;gif;jpg;jpeg;jpe;resx;tiff;tif;png;wav;mfcribbon-ms</Extensions>
    </Filter>
    <Filter Include="Source Files\libraries">
      <UniqueIdentifier>{ffec1f77-1e28-4293-a21c-1159fd6c53da}</UniqueIdentifier>
    </Filter>
    <Filter Include="Source Files\acmicpc">
      <UniqueIdentifier>{0594dc6c-ec80-4dfe-8338-ad989bb5b631}</UniqueIdentifier>
    </Filter>
    <Filter Include="Source Files\codeforces">
      <UniqueIdentifier>{268e2f04-73e1-4daa-a9a8-5e5d1a044bf1}</UniqueIdentifier>
    </Filter>
    <Filter Include="Source Files\tukorea">
      <UniqueIdentifier>{7fd11dac-df67-4db7-ab73-e8a4d4e5acd2}</UniqueIdentifier>
    </Filter>
  </ItemGroup>
  <ItemGroup>
    <ClCompile Include="convex_hull.cpp">
      <Filter>Source Files\libraries</Filter>
    </ClCompile>
    <ClCompile Include="header.cpp">
      <Filter>Source Files\libraries</Filter>
    </ClCompile>
    <ClCompile Include="line_segment_intersection.cpp">
      <Filter>Source Files\libraries</Filter>
    </ClCompile>
    <ClCompile Include="ternary_search.cpp">
      <Filter>Source Files\libraries</Filter>
    </ClCompile>
    <ClCompile Include="union_find.cpp">
      <Filter>Source Files\libraries</Filter>
    </ClCompile>
    <ClCompile Include="fraction.cpp">
      <Filter>Source Files\libraries</Filter>
    </ClCompile>
    <ClCompile Include="BOJ1002.cpp">
      <Filter>Source Files\acmicpc</Filter>
    </ClCompile>
    <ClCompile Include="BOJ1006.cpp">
      <Filter>Source Files\acmicpc</Filter>
    </ClCompile>
    <ClCompile Include="BOJ1015.cpp">
      <Filter>Source Files\acmicpc</Filter>
    </ClCompile>
    <ClCompile Include="BOJ1021.cpp">
      <Filter>Source Files\acmicpc</Filter>
    </ClCompile>
    <ClCompile Include="BOJ1022.cpp">
      <Filter>Source Files\acmicpc</Filter>
    </ClCompile>
    <ClCompile Include="BOJ1024.cpp">
      <Filter>Source Files\acmicpc</Filter>
    </ClCompile>
    <ClCompile Include="BOJ1030.cpp">
      <Filter>Source Files\acmicpc</Filter>
    </ClCompile>
    <ClCompile Include="BOJ1033.cpp">
      <Filter>Source Files\acmicpc</Filter>
    </ClCompile>
    <ClCompile Include="BOJ1038.cpp">
      <Filter>Source Files\acmicpc</Filter>
    </ClCompile>
    <ClCompile Include="BOJ1039.cpp">
      <Filter>Source Files\acmicpc</Filter>
    </ClCompile>
    <ClCompile Include="BOJ1041.cpp">
      <Filter>Source Files\acmicpc</Filter>
    </ClCompile>
    <ClCompile Include="BOJ1045.cpp">
      <Filter>Source Files\acmicpc</Filter>
    </ClCompile>
    <ClCompile Include="BOJ1046.cpp">
      <Filter>Source Files\acmicpc</Filter>
    </ClCompile>
    <ClCompile Include="BOJ1049.cpp">
      <Filter>Source Files\acmicpc</Filter>
    </ClCompile>
    <ClCompile Include="BOJ1051.cpp">
      <Filter>Source Files\acmicpc</Filter>
    </ClCompile>
    <ClCompile Include="BOJ1060.cpp">
      <Filter>Source Files\acmicpc</Filter>
    </ClCompile>
    <ClCompile Include="BOJ1064.cpp">
      <Filter>Source Files\acmicpc</Filter>
    </ClCompile>
    <ClCompile Include="BOJ1083.cpp">
      <Filter>Source Files\acmicpc</Filter>
    </ClCompile>
    <ClCompile Include="BOJ1088-A.cpp">
      <Filter>Source Files\acmicpc</Filter>
    </ClCompile>
    <ClCompile Include="BOJ1088-B.cpp">
      <Filter>Source Files\acmicpc</Filter>
    </ClCompile>
    <ClCompile Include="BOJ1088-C.cpp">
      <Filter>Source Files\acmicpc</Filter>
    </ClCompile>
    <ClCompile Include="BOJ1088-E.cpp">
      <Filter>Source Files\acmicpc</Filter>
    </ClCompile>
    <ClCompile Include="BOJ1094.cpp">
      <Filter>Source Files\acmicpc</Filter>
    </ClCompile>
    <ClCompile Include="BOJ1102.cpp">
      <Filter>Source Files\acmicpc</Filter>
    </ClCompile>
    <ClCompile Include="BOJ1112.cpp">
      <Filter>Source Files\acmicpc</Filter>
    </ClCompile>
    <ClCompile Include="BOJ1113.cpp">
      <Filter>Source Files\acmicpc</Filter>
    </ClCompile>
    <ClCompile Include="BOJ1114.cpp">
      <Filter>Source Files\acmicpc</Filter>
    </ClCompile>
    <ClCompile Include="BOJ1132.cpp">
      <Filter>Source Files\acmicpc</Filter>
    </ClCompile>
    <ClCompile Include="BOJ1139.cpp">
      <Filter>Source Files\acmicpc</Filter>
    </ClCompile>
    <ClCompile Include="BOJ1149.cpp">
      <Filter>Source Files\acmicpc</Filter>
    </ClCompile>
    <ClCompile Include="BOJ1167.cpp">
      <Filter>Source Files\acmicpc</Filter>
    </ClCompile>
    <ClCompile Include="BOJ1174.cpp">
      <Filter>Source Files\acmicpc</Filter>
    </ClCompile>
    <ClCompile Include="BOJ1198.cpp">
      <Filter>Source Files\acmicpc</Filter>
    </ClCompile>
    <ClCompile Include="BOJ1368.cpp">
      <Filter>Source Files\acmicpc</Filter>
    </ClCompile>
    <ClCompile Include="BOJ1438.cpp">
      <Filter>Source Files\acmicpc</Filter>
    </ClCompile>
    <ClCompile Include="BOJ1485.cpp">
      <Filter>Source Files\acmicpc</Filter>
    </ClCompile>
    <ClCompile Include="BOJ1533.cpp">
      <Filter>Source Files\acmicpc</Filter>
    </ClCompile>
    <ClCompile Include="BOJ1629.cpp">
      <Filter>Source Files\acmicpc</Filter>
    </ClCompile>
    <ClCompile Include="BOJ1655.cpp">
      <Filter>Source Files\acmicpc</Filter>
    </ClCompile>
    <ClCompile Include="BOJ1669.cpp">
      <Filter>Source Files\acmicpc</Filter>
    </ClCompile>
    <ClCompile Include="BOJ1707.cpp">
      <Filter>Source Files\acmicpc</Filter>
    </ClCompile>
    <ClCompile Include="BOJ1715.cpp">
      <Filter>Source Files\acmicpc</Filter>
    </ClCompile>
    <ClCompile Include="BOJ1724.cpp">
      <Filter>Source Files\acmicpc</Filter>
    </ClCompile>
    <ClCompile Include="BOJ1753.cpp">
      <Filter>Source Files\acmicpc</Filter>
    </ClCompile>
    <ClCompile Include="BOJ1759.cpp">
      <Filter>Source Files\acmicpc</Filter>
    </ClCompile>
    <ClCompile Include="BOJ1774.cpp">
      <Filter>Source Files\acmicpc</Filter>
    </ClCompile>
    <ClCompile Include="BOJ1833.cpp">
      <Filter>Source Files\acmicpc</Filter>
    </ClCompile>
    <ClCompile Include="BOJ1874.cpp">
      <Filter>Source Files\acmicpc</Filter>
    </ClCompile>
    <ClCompile Include="BOJ1916.cpp">
      <Filter>Source Files\acmicpc</Filter>
    </ClCompile>
    <ClCompile Include="BOJ1918.cpp">
      <Filter>Source Files\acmicpc</Filter>
    </ClCompile>
    <ClCompile Include="BOJ1967.cpp">
      <Filter>Source Files\acmicpc</Filter>
    </ClCompile>
    <ClCompile Include="BOJ1991.cpp">
      <Filter>Source Files\acmicpc</Filter>
    </ClCompile>
    <ClCompile Include="BOJ2022.cpp">
      <Filter>Source Files\acmicpc</Filter>
    </ClCompile>
    <ClCompile Include="BOJ2089.cpp">
      <Filter>Source Files\acmicpc</Filter>
    </ClCompile>
    <ClCompile Include="BOJ2150.cpp">
      <Filter>Source Files\acmicpc</Filter>
    </ClCompile>
    <ClCompile Include="BOJ2178.cpp">
      <Filter>Source Files\acmicpc</Filter>
    </ClCompile>
    <ClCompile Include="BOJ2206.cpp">
      <Filter>Source Files\acmicpc</Filter>
    </ClCompile>
    <ClCompile Include="BOJ2263.cpp">
      <Filter>Source Files\acmicpc</Filter>
    </ClCompile>
    <ClCompile Include="BOJ2448.cpp">
      <Filter>Source Files\acmicpc</Filter>
    </ClCompile>
    <ClCompile Include="BOJ2559.cpp">
      <Filter>Source Files\acmicpc</Filter>
    </ClCompile>
    <ClCompile Include="BOJ2563.cpp">
      <Filter>Source Files\acmicpc</Filter>
    </ClCompile>
    <ClCompile Include="BOJ2566.cpp">
      <Filter>Source Files\acmicpc</Filter>
    </ClCompile>
    <ClCompile Include="BOJ2579.cpp">
      <Filter>Source Files\acmicpc</Filter>
    </ClCompile>
    <ClCompile Include="BOJ2615.cpp">
      <Filter>Source Files\acmicpc</Filter>
    </ClCompile>
    <ClCompile Include="BOJ2622.cpp">
      <Filter>Source Files\acmicpc</Filter>
    </ClCompile>
    <ClCompile Include="BOJ2636.cpp">
      <Filter>Source Files\acmicpc</Filter>
    </ClCompile>
    <ClCompile Include="BOJ2644.cpp">
      <Filter>Source Files\acmicpc</Filter>
    </ClCompile>
    <ClCompile Include="BOJ2738.cpp">
      <Filter>Source Files\acmicpc</Filter>
    </ClCompile>
    <ClCompile Include="BOJ2749.cpp">
      <Filter>Source Files\acmicpc</Filter>
    </ClCompile>
    <ClCompile Include="BOJ2761.cpp">
      <Filter>Source Files\acmicpc</Filter>
    </ClCompile>
    <ClCompile Include="BOJ2805.cpp">
      <Filter>Source Files\acmicpc</Filter>
    </ClCompile>
    <ClCompile Include="BOJ2912.cpp">
      <Filter>Source Files\acmicpc</Filter>
    </ClCompile>
    <ClCompile Include="BOJ3036.cpp">
      <Filter>Source Files\acmicpc</Filter>
    </ClCompile>
    <ClCompile Include="BOJ3108.cpp">
      <Filter>Source Files\acmicpc</Filter>
    </ClCompile>
    <ClCompile Include="BOJ3117.cpp">
      <Filter>Source Files\acmicpc</Filter>
    </ClCompile>
    <ClCompile Include="BOJ3586.cpp">
      <Filter>Source Files\acmicpc</Filter>
    </ClCompile>
    <ClCompile Include="BOJ4344.cpp">
      <Filter>Source Files\acmicpc</Filter>
    </ClCompile>
    <ClCompile Include="BOJ4353.cpp">
      <Filter>Source Files\acmicpc</Filter>
    </ClCompile>
    <ClCompile Include="BOJ4803.cpp">
      <Filter>Source Files\acmicpc</Filter>
    </ClCompile>
    <ClCompile Include="BOJ5639.cpp">
      <Filter>Source Files\acmicpc</Filter>
    </ClCompile>
    <ClCompile Include="BOJ5719.cpp">
      <Filter>Source Files\acmicpc</Filter>
    </ClCompile>
    <ClCompile Include="BOJ5735.cpp">
      <Filter>Source Files\acmicpc</Filter>
    </ClCompile>
    <ClCompile Include="BOJ6098.cpp">
      <Filter>Source Files\acmicpc</Filter>
    </ClCompile>
    <ClCompile Include="BOJ6194.cpp">
      <Filter>Source Files\acmicpc</Filter>
    </ClCompile>
    <ClCompile Include="BOJ6515.cpp">
      <Filter>Source Files\acmicpc</Filter>
    </ClCompile>
    <ClCompile Include="BOJ7677.cpp">
      <Filter>Source Files\acmicpc</Filter>
    </ClCompile>
    <ClCompile Include="BOJ8462.cpp">
      <Filter>Source Files\acmicpc</Filter>
    </ClCompile>
    <ClCompile Include="BOJ8927.cpp">
      <Filter>Source Files\acmicpc</Filter>
    </ClCompile>
    <ClCompile Include="BOJ8986.cpp">
      <Filter>Source Files\acmicpc</Filter>
    </ClCompile>
    <ClCompile Include="BOJ9202.cpp">
      <Filter>Source Files\acmicpc</Filter>
    </ClCompile>
    <ClCompile Include="BOJ9250.cpp">
      <Filter>Source Files\acmicpc</Filter>
    </ClCompile>
    <ClCompile Include="BOJ9254.cpp">
      <Filter>Source Files\acmicpc</Filter>
    </ClCompile>
    <ClCompile Include="BOJ9373.cpp">
      <Filter>Source Files\acmicpc</Filter>
    </ClCompile>
    <ClCompile Include="BOJ9376.cpp">
      <Filter>Source Files\acmicpc</Filter>
    </ClCompile>
    <ClCompile Include="BOJ9655.cpp">
      <Filter>Source Files\acmicpc</Filter>
    </ClCompile>
    <ClCompile Include="BOJ9656.cpp">
      <Filter>Source Files\acmicpc</Filter>
    </ClCompile>
    <ClCompile Include="BOJ9657.cpp">
      <Filter>Source Files\acmicpc</Filter>
    </ClCompile>
    <ClCompile Include="BOJ9658.cpp">
      <Filter>Source Files\acmicpc</Filter>
    </ClCompile>
    <ClCompile Include="BOJ9661.cpp">
      <Filter>Source Files\acmicpc</Filter>
    </ClCompile>
    <ClCompile Include="BOJ10254.cpp">
      <Filter>Source Files\acmicpc</Filter>
    </ClCompile>
    <ClCompile Include="BOJ10256.cpp">
      <Filter>Source Files\acmicpc</Filter>
    </ClCompile>
    <ClCompile Include="BOJ10538.cpp">
      <Filter>Source Files\acmicpc</Filter>
    </ClCompile>
    <ClCompile Include="BOJ10807.cpp">
      <Filter>Source Files\acmicpc</Filter>
    </ClCompile>
    <ClCompile Include="BOJ10826.cpp">
      <Filter>Source Files\acmicpc</Filter>
    </ClCompile>
    <ClCompile Include="BOJ10868.cpp">
      <Filter>Source Files\acmicpc</Filter>
    </ClCompile>
    <ClCompile Include="BOJ10992.cpp">
      <Filter>Source Files\acmicpc</Filter>
    </ClCompile>
    <ClCompile Include="BOJ10994.cpp">
      <Filter>Source Files\acmicpc</Filter>
    </ClCompile>
    <ClCompile Include="BOJ10995.cpp">
      <Filter>Source Files\acmicpc</Filter>
    </ClCompile>
    <ClCompile Include="BOJ11000.cpp">
      <Filter>Source Files\acmicpc</Filter>
    </ClCompile>
    <ClCompile Include="BOJ11003.cpp">
      <Filter>Source Files\acmicpc</Filter>
    </ClCompile>
    <ClCompile Include="BOJ11053.cpp">
      <Filter>Source Files\acmicpc</Filter>
    </ClCompile>
    <ClCompile Include="BOJ11054.cpp">
      <Filter>Source Files\acmicpc</Filter>
    </ClCompile>
    <ClCompile Include="BOJ11055.cpp">
      <Filter>Source Files\acmicpc</Filter>
    </ClCompile>
    <ClCompile Include="BOJ11278.cpp">
      <Filter>Source Files\acmicpc</Filter>
    </ClCompile>
    <ClCompile Include="BOJ11281.cpp">
      <Filter>Source Files\acmicpc</Filter>
    </ClCompile>
    <ClCompile Include="BOJ11333.cpp">
      <Filter>Source Files\acmicpc</Filter>
    </ClCompile>
    <ClCompile Include="BOJ11400.cpp">
      <Filter>Source Files\acmicpc</Filter>
    </ClCompile>
    <ClCompile Include="BOJ11404.cpp">
      <Filter>Source Files\acmicpc</Filter>
    </ClCompile>
    <ClCompile Include="BOJ11481.cpp">
      <Filter>Source Files\acmicpc</Filter>
    </ClCompile>
    <ClCompile Include="BOJ11779.cpp">
      <Filter>Source Files\acmicpc</Filter>
    </ClCompile>
    <ClCompile Include="BOJ12015.cpp">
      <Filter>Source Files\acmicpc</Filter>
    </ClCompile>
    <ClCompile Include="BOJ12016.cpp">
      <Filter>Source Files\acmicpc</Filter>
    </ClCompile>
    <ClCompile Include="BOJ12851.cpp">
      <Filter>Source Files\acmicpc</Filter>
    </ClCompile>
    <ClCompile Include="BOJ13202.cpp">
      <Filter>Source Files\acmicpc</Filter>
    </ClCompile>
    <ClCompile Include="BOJ13204.cpp">
      <Filter>Source Files\acmicpc</Filter>
    </ClCompile>
    <ClCompile Include="BOJ13306.cpp">
      <Filter>Source Files\acmicpc</Filter>
    </ClCompile>
    <ClCompile Include="BOJ13421.cpp">
      <Filter>Source Files\acmicpc</Filter>
    </ClCompile>
    <ClCompile Include="BOJ13547.cpp">
      <Filter>Source Files\acmicpc</Filter>
    </ClCompile>
    <ClCompile Include="BOJ13548.cpp">
      <Filter>Source Files\acmicpc</Filter>
    </ClCompile>
    <ClCompile Include="BOJ13549.cpp">
      <Filter>Source Files\acmicpc</Filter>
    </ClCompile>
    <ClCompile Include="BOJ13913.cpp">
      <Filter>Source Files\acmicpc</Filter>
    </ClCompile>
    <ClCompile Include="BOJ14002.cpp">
      <Filter>Source Files\acmicpc</Filter>
    </ClCompile>
    <ClCompile Include="BOJ14502.cpp">
      <Filter>Source Files\acmicpc</Filter>
    </ClCompile>
    <ClCompile Include="BOJ14897.cpp">
      <Filter>Source Files\acmicpc</Filter>
    </ClCompile>
    <ClCompile Include="BOJ14942.cpp">
      <Filter>Source Files\acmicpc</Filter>
    </ClCompile>
    <ClCompile Include="BOJ15028.cpp">
      <Filter>Source Files\acmicpc</Filter>
    </ClCompile>
    <ClCompile Include="BOJ15420.cpp">
      <Filter>Source Files\acmicpc</Filter>
    </ClCompile>
    <ClCompile Include="BOJ15650.cpp">
      <Filter>Source Files\acmicpc</Filter>
    </ClCompile>
    <ClCompile Include="BOJ15651.cpp">
      <Filter>Source Files\acmicpc</Filter>
    </ClCompile>
    <ClCompile Include="BOJ15652.cpp">
      <Filter>Source Files\acmicpc</Filter>
    </ClCompile>
    <ClCompile Include="BOJ15654.cpp">
      <Filter>Source Files\acmicpc</Filter>
    </ClCompile>
    <ClCompile Include="BOJ15655.cpp">
      <Filter>Source Files\acmicpc</Filter>
    </ClCompile>
    <ClCompile Include="BOJ15656.cpp">
      <Filter>Source Files\acmicpc</Filter>
    </ClCompile>
    <ClCompile Include="BOJ15657.cpp">
      <Filter>Source Files\acmicpc</Filter>
    </ClCompile>
    <ClCompile Include="BOJ15663.cpp">
      <Filter>Source Files\acmicpc</Filter>
    </ClCompile>
    <ClCompile Include="BOJ15665.cpp">
      <Filter>Source Files\acmicpc</Filter>
    </ClCompile>
    <ClCompile Include="BOJ15666.cpp">
      <Filter>Source Files\acmicpc</Filter>
    </ClCompile>
    <ClCompile Include="BOJ15685.cpp">
      <Filter>Source Files\acmicpc</Filter>
    </ClCompile>
    <ClCompile Include="BOJ16068.cpp">
      <Filter>Source Files\acmicpc</Filter>
    </ClCompile>
    <ClCompile Include="BOJ16287.cpp">
      <Filter>Source Files\acmicpc</Filter>
    </ClCompile>
    <ClCompile Include="BOJ16958.cpp">
      <Filter>Source Files\acmicpc</Filter>
    </ClCompile>
    <ClCompile Include="BOJ16978.cpp">
      <Filter>Source Files\acmicpc</Filter>
    </ClCompile>
    <ClCompile Include="BOJ17435.cpp">
      <Filter>Source Files\acmicpc</Filter>
    </ClCompile>
    <ClCompile Include="BOJ18640.cpp">
      <Filter>Source Files\acmicpc</Filter>
    </ClCompile>
    <ClCompile Include="BOJ18870.cpp">
      <Filter>Source Files\acmicpc</Filter>
    </ClCompile>
    <ClCompile Include="BOJ19250.cpp">
      <Filter>Source Files\acmicpc</Filter>
    </ClCompile>
    <ClCompile Include="BOJ21237.cpp">
      <Filter>Source Files\acmicpc</Filter>
    </ClCompile>
    <ClCompile Include="BOJ22940.cpp">
      <Filter>Source Files\acmicpc</Filter>
    </ClCompile>
    <ClCompile Include="BOJ23765.cpp">
      <Filter>Source Files\acmicpc</Filter>
    </ClCompile>
    <ClCompile Include="BOJ25304.cpp">
      <Filter>Source Files\acmicpc</Filter>
    </ClCompile>
    <ClCompile Include="BOJ25305.cpp">
      <Filter>Source Files\acmicpc</Filter>
    </ClCompile>
    <ClCompile Include="BOJ25317.cpp">
      <Filter>Source Files\acmicpc</Filter>
    </ClCompile>
    <ClCompile Include="BOJ25501.cpp">
      <Filter>Source Files\acmicpc</Filter>
    </ClCompile>
    <ClCompile Include="BOJ25565.cpp">
      <Filter>Source Files\acmicpc</Filter>
    </ClCompile>
    <ClCompile Include="BOJ25968.cpp">
      <Filter>Source Files\acmicpc</Filter>
    </ClCompile>
    <ClCompile Include="BOJ25970.cpp">
      <Filter>Source Files\acmicpc</Filter>
    </ClCompile>
    <ClCompile Include="BOJ26654.cpp">
      <Filter>Source Files\acmicpc</Filter>
    </ClCompile>
    <ClCompile Include="BOJ27866.cpp">
      <Filter>Source Files\acmicpc</Filter>
    </ClCompile>
    <ClCompile Include="BOJ28297.cpp">
      <Filter>Source Files\acmicpc</Filter>
    </ClCompile>
    <ClCompile Include="CF916_A.cpp">
      <Filter>Source Files\codeforces</Filter>
    </ClCompile>
    <ClCompile Include="CF916_B.cpp">
      <Filter>Source Files\codeforces</Filter>
    </ClCompile>
    <ClCompile Include="CF916_C.cpp">
      <Filter>Source Files\codeforces</Filter>
    </ClCompile>
    <ClCompile Include="CF916_D.cpp">
      <Filter>Source Files\codeforces</Filter>
    </ClCompile>
    <ClCompile Include="CF916_E.cpp">
      <Filter>Source Files\codeforces</Filter>
    </ClCompile>
    <ClCompile Include="CF916_F.cpp">
      <Filter>Source Files\codeforces</Filter>
    </ClCompile>
    <ClCompile Include="CF918-A.cpp">
      <Filter>Source Files\codeforces</Filter>
    </ClCompile>
    <ClCompile Include="CF918-B.cpp">
      <Filter>Source Files\codeforces</Filter>
    </ClCompile>
    <ClCompile Include="CF918-C.cpp">
      <Filter>Source Files\codeforces</Filter>
    </ClCompile>
    <ClCompile Include="CF918-D.cpp">
      <Filter>Source Files\codeforces</Filter>
    </ClCompile>
    <ClCompile Include="CF918-E.cpp">
      <Filter>Source Files\codeforces</Filter>
    </ClCompile>
    <ClCompile Include="CF918-F.cpp">
      <Filter>Source Files\codeforces</Filter>
    </ClCompile>
    <ClCompile Include="TUK0001.cpp">
      <Filter>Source Files\tukorea</Filter>
    </ClCompile>
    <ClCompile Include="TUK0002.cpp">
      <Filter>Source Files\tukorea</Filter>
    </ClCompile>
    <ClCompile Include="TUK0003.cpp">
      <Filter>Source Files\tukorea</Filter>
    </ClCompile>
    <ClCompile Include="TUK0005.cpp">
      <Filter>Source Files\tukorea</Filter>
    </ClCompile>
    <ClCompile Include="TUK0006.cpp">
      <Filter>Source Files\tukorea</Filter>
    </ClCompile>
    <ClCompile Include="TUK0010.cpp">
      <Filter>Source Files\tukorea</Filter>
    </ClCompile>
    <ClCompile Include="TUK0044.cpp">
      <Filter>Source Files\tukorea</Filter>
    </ClCompile>
    <ClCompile Include="TUK0045.cpp">
      <Filter>Source Files\tukorea</Filter>
    </ClCompile>
    <ClCompile Include="TUK0070.cpp">
      <Filter>Source Files\tukorea</Filter>
    </ClCompile>
    <ClCompile Include="TUK0078.cpp">
      <Filter>Source Files\tukorea</Filter>
    </ClCompile>
    <ClCompile Include="TUK0079.cpp">
      <Filter>Source Files\tukorea</Filter>
    </ClCompile>
    <ClCompile Include="CF918-G.cpp">
      <Filter>Source Files\codeforces</Filter>
    </ClCompile>
    <ClCompile Include="BOJ1035.cpp">
      <Filter>Source Files\acmicpc</Filter>
    </ClCompile>
    <ClCompile Include="BOJ1020.cpp">
      <Filter>Source Files\acmicpc</Filter>
    </ClCompile>
    <ClCompile Include="BOJ15576.cpp">
      <Filter>Source Files\acmicpc</Filter>
    </ClCompile>
    <ClCompile Include="BOJ1067.cpp">
      <Filter>Source Files\acmicpc</Filter>
    </ClCompile>
    <ClCompile Include="BOJ10531.cpp">
      <Filter>Source Files\acmicpc</Filter>
    </ClCompile>
    <ClCompile Include="BOJ17134.cpp">
      <Filter>Source Files\acmicpc</Filter>
    </ClCompile>
    <ClCompile Include="BOJ20176.cpp">
      <Filter>Source Files\acmicpc</Filter>
    </ClCompile>
    <ClCompile Include="BOJ5051.cpp">
      <Filter>Source Files\acmicpc</Filter>
    </ClCompile>
    <ClCompile Include="BOJ27941.cpp">
      <Filter>Source Files\acmicpc</Filter>
    </ClCompile>
    <ClCompile Include="BOJ29262.cpp">
      <Filter>Source Files\acmicpc</Filter>
    </ClCompile>
    <ClCompile Include="BOJ15936.cpp">
      <Filter>Source Files\acmicpc</Filter>
    </ClCompile>
    <ClCompile Include="BOJ14266.cpp">
      <Filter>Source Files\acmicpc</Filter>
    </ClCompile>
    <ClCompile Include="BOJ25456.cpp">
      <Filter>Source Files\acmicpc</Filter>
    </ClCompile>
    <ClCompile Include="BOJ10000.cpp">
      <Filter>Source Files\acmicpc</Filter>
    </ClCompile>
    <ClCompile Include="BOJ17876.cpp">
      <Filter>Source Files\acmicpc</Filter>
    </ClCompile>
    <ClCompile Include="BOJ17104.cpp">
      <Filter>Source Files\acmicpc</Filter>
    </ClCompile>
    <ClCompile Include="BOJ18240.cpp">
      <Filter>Source Files\acmicpc</Filter>
    </ClCompile>
    <ClCompile Include="BOJ17626.cpp">
      <Filter>Source Files\acmicpc</Filter>
    </ClCompile>
    <ClCompile Include="BOJ14958.cpp">
      <Filter>Source Files\acmicpc</Filter>
    </ClCompile>
    <ClCompile Include="BOJ22289.cpp">
      <Filter>Source Files\acmicpc</Filter>
    </ClCompile>
    <ClCompile Include="BOJ13575.cpp">
      <Filter>Source Files\acmicpc</Filter>
    </ClCompile>
    <ClCompile Include="BOJ1319.cpp">
      <Filter>Source Files\acmicpc</Filter>
    </ClCompile>
    <ClCompile Include="BOJ1036.cpp">
      <Filter>Source Files\acmicpc</Filter>
    </ClCompile>
    <ClCompile Include="BOJ1339.cpp">
      <Filter>Source Files\acmicpc</Filter>
    </ClCompile>
    <ClCompile Include="BOJ1744.cpp">
      <Filter>Source Files\acmicpc</Filter>
    </ClCompile>
    <ClCompile Include="BOJ2812.cpp">
      <Filter>Source Files\acmicpc</Filter>
    </ClCompile>
    <ClCompile Include="BOJ12904.cpp">
      <Filter>Source Files\acmicpc</Filter>
    </ClCompile>
    <ClCompile Include="BOJ1092.cpp">
      <Filter>Source Files\acmicpc</Filter>
    </ClCompile>
    <ClCompile Include="BOJ1826.cpp">
      <Filter>Source Files\acmicpc</Filter>
    </ClCompile>
    <ClCompile Include="BOJ10775.cpp">
      <Filter>Source Files\acmicpc</Filter>
    </ClCompile>
    <ClCompile Include="BOJ13904.cpp">
      <Filter>Source Files\acmicpc</Filter>
    </ClCompile>
    <ClCompile Include="BOJ1461.cpp">
      <Filter>Source Files\acmicpc</Filter>
    </ClCompile>
    <ClCompile Include="BOJ1028.cpp">
      <Filter>Source Files\acmicpc</Filter>
    </ClCompile>
    <ClCompile Include="BOJ1082.cpp">
      <Filter>Source Files\acmicpc</Filter>
    </ClCompile>
    <ClCompile Include="BOJ2212.cpp">
      <Filter>Source Files\acmicpc</Filter>
    </ClCompile>
    <ClCompile Include="BOJ2141.cpp">
      <Filter>Source Files\acmicpc</Filter>
    </ClCompile>
    <ClCompile Include="BOJ2110.cpp">
      <Filter>Source Files\acmicpc</Filter>
    </ClCompile>
    <ClCompile Include="BOJ9466.cpp">
      <Filter>Source Files\acmicpc</Filter>
    </ClCompile>
    <ClCompile Include="BOJ1937.cpp">
      <Filter>Source Files\acmicpc</Filter>
    </ClCompile>
    <ClCompile Include="BOJ1025.cpp">
      <Filter>Source Files\acmicpc</Filter>
    </ClCompile>
    <ClCompile Include="BOJ1520.cpp">
      <Filter>Source Files\acmicpc</Filter>
    </ClCompile>
    <ClCompile Include="BOJ17425.cpp">
      <Filter>Source Files\acmicpc</Filter>
    </ClCompile>
    <ClCompile Include="BOJ2143.cpp">
      <Filter>Source Files\acmicpc</Filter>
    </ClCompile>
    <ClCompile Include="CF161-A.cpp">
      <Filter>Source Files\codeforces</Filter>
    </ClCompile>
    <ClCompile Include="CF161-B.cpp">
      <Filter>Source Files\codeforces</Filter>
    </ClCompile>
    <ClCompile Include="CF161-C.cpp">
      <Filter>Source Files\codeforces</Filter>
    </ClCompile>
    <ClCompile Include="CF161-D.cpp">
      <Filter>Source Files\codeforces</Filter>
    </ClCompile>
    <ClCompile Include="CF581-A.cpp">
      <Filter>Source Files\codeforces</Filter>
    </ClCompile>
    <ClCompile Include="BOJ14756.cpp">
      <Filter>Source Files\acmicpc</Filter>
    </ClCompile>
    <ClCompile Include="CF790-E.cpp">
      <Filter>Source Files\codeforces</Filter>
    </ClCompile>
    <ClCompile Include="CF790-D.cpp">
      <Filter>Source Files\codeforces</Filter>
    </ClCompile>
    <ClCompile Include="BOJ11437.cpp">
      <Filter>Source Files\acmicpc</Filter>
    </ClCompile>
    <ClCompile Include="BOJ11812.cpp">
      <Filter>Source Files\acmicpc</Filter>
    </ClCompile>
    <ClCompile Include="BOJ1034.cpp">
      <Filter>Source Files\acmicpc</Filter>
    </ClCompile>
    <ClCompile Include="BOJ1043.cpp">
      <Filter>Source Files\acmicpc</Filter>
    </ClCompile>
    <ClCompile Include="BOJ13511.cpp">
      <Filter>Source Files\acmicpc</Filter>
    </ClCompile>
    <ClCompile Include="BOJ1014.cpp">
      <Filter>Source Files\acmicpc</Filter>
    </ClCompile>
    <ClCompile Include="BOJ1090.cpp">
      <Filter>Source Files\acmicpc</Filter>
    </ClCompile>
    <ClCompile Include="BOJ14765.cpp">
      <Filter>Source Files\acmicpc</Filter>
    </ClCompile>
    <ClCompile Include="BOJ11873.cpp">
      <Filter>Source Files\acmicpc</Filter>
    </ClCompile>
    <ClCompile Include="BOJ18949.cpp">
      <Filter>Source Files\acmicpc</Filter>
    </ClCompile>
    <ClCompile Include="BOJ1960.cpp">
      <Filter>Source Files\acmicpc</Filter>
    </ClCompile>
    <ClCompile Include="BOJ3873.cpp">
      <Filter>Source Files\acmicpc</Filter>
    </ClCompile>
    <ClCompile Include="BOJ9212.cpp">
      <Filter>Source Files\acmicpc</Filter>
    </ClCompile>
    <ClCompile Include="BOJ29618.cpp">
      <Filter>Source Files\acmicpc</Filter>
    </ClCompile>
    <ClCompile Include="BOJ1435.cpp">
      <Filter>Source Files\acmicpc</Filter>
    </ClCompile>
    <ClCompile Include="BOJ10007.cpp">
      <Filter>Source Files\acmicpc</Filter>
    </ClCompile>
    <ClCompile Include="BOJ17978.cpp">
      <Filter>Source Files\acmicpc</Filter>
    </ClCompile>
    <ClCompile Include="BOJ9875.cpp">
      <Filter>Source Files\acmicpc</Filter>
    </ClCompile>
    <ClCompile Include="BOJ2987.cpp">
      <Filter>Source Files\acmicpc</Filter>
    </ClCompile>
    <ClCompile Include="BOJ5202.cpp">
      <Filter>Source Files\acmicpc</Filter>
    </ClCompile>
    <ClCompile Include="BOJ10787.cpp">
      <Filter>Source Files\acmicpc</Filter>
    </ClCompile>
    <ClCompile Include="BOJ15897.cpp">
      <Filter>Source Files\acmicpc</Filter>
    </ClCompile>
    <ClCompile Include="BOJ1644.cpp">
      <Filter>Source Files\acmicpc</Filter>
    </ClCompile>
    <ClCompile Include="BOJ1017.cpp">
      <Filter>Source Files\acmicpc</Filter>
    </ClCompile>
    <ClCompile Include="BOJ11375.cpp">
      <Filter>Source Files\acmicpc</Filter>
    </ClCompile>
    <ClCompile Include="BOJ1236-A.cpp">
      <Filter>Source Files\acmicpc</Filter>
    </ClCompile>
    <ClCompile Include="BOJ1236-B.cpp">
      <Filter>Source Files\acmicpc</Filter>
    </ClCompile>
    <ClCompile Include="BOJ1236-C.cpp">
      <Filter>Source Files\acmicpc</Filter>
    </ClCompile>
    <ClCompile Include="BOJ1236-D.cpp">
      <Filter>Source Files\acmicpc</Filter>
    </ClCompile>
    <ClCompile Include="BOJ1239-A.cpp">
      <Filter>Source Files\acmicpc</Filter>
    </ClCompile>
    <ClCompile Include="BOJ1239-M.cpp">
      <Filter>Source Files\acmicpc</Filter>
    </ClCompile>
    <ClCompile Include="BOJ1239-C.cpp">
      <Filter>Source Files\acmicpc</Filter>
    </ClCompile>
    <ClCompile Include="BOJ1239-H.cpp">
      <Filter>Source Files\acmicpc</Filter>
    </ClCompile>
    <ClCompile Include="BOJ1239-G.cpp">
      <Filter>Source Files\acmicpc</Filter>
    </ClCompile>
    <ClCompile Include="BOJ1062.cpp">
      <Filter>Source Files\acmicpc</Filter>
    </ClCompile>
    <ClCompile Include="BOJ30802.cpp">
      <Filter>Source Files\acmicpc</Filter>
    </ClCompile>
    <ClCompile Include="BOJ1233-1.cpp">
      <Filter>Source Files\acmicpc</Filter>
    </ClCompile>
    <ClCompile Include="BOJ1233-2.cpp">
      <Filter>Source Files\acmicpc</Filter>
    </ClCompile>
    <ClCompile Include="BOJ1233-3.cpp">
      <Filter>Source Files\acmicpc</Filter>
    </ClCompile>
    <ClCompile Include="BOJ1233-4.cpp">
      <Filter>Source Files\acmicpc</Filter>
    </ClCompile>
    <ClCompile Include="BOJ1233-5.cpp">
      <Filter>Source Files\acmicpc</Filter>
    </ClCompile>
    <ClCompile Include="TUK0068.cpp">
      <Filter>Source Files\tukorea</Filter>
    </ClCompile>
    <ClCompile Include="TUK0022.cpp">
      <Filter>Source Files\tukorea</Filter>
    </ClCompile>
    <ClCompile Include="TUK0036.cpp">
      <Filter>Source Files\tukorea</Filter>
    </ClCompile>
    <ClCompile Include="TUK0015.cpp">
      <Filter>Source Files\tukorea</Filter>
    </ClCompile>
    <ClCompile Include="TUK0082.cpp">
      <Filter>Source Files\tukorea</Filter>
    </ClCompile>
    <ClCompile Include="BOJ22977.cpp">
      <Filter>Source Files\acmicpc</Filter>
    </ClCompile>
    <ClCompile Include="BOJ2470.cpp">
      <Filter>Source Files\acmicpc</Filter>
    </ClCompile>
    <ClCompile Include="BOJ2673.cpp">
      <Filter>Source Files\acmicpc</Filter>
    </ClCompile>
    <ClCompile Include="BOJ11377.cpp">
      <Filter>Source Files\acmicpc</Filter>
    </ClCompile>
    <ClCompile Include="BOJ11376.cpp">
      <Filter>Source Files\acmicpc</Filter>
    </ClCompile>
    <ClCompile Include="BOJ2316.cpp">
      <Filter>Source Files\acmicpc</Filter>
    </ClCompile>
    <ClCompile Include="BOJ11405.cpp">
      <Filter>Source Files\acmicpc</Filter>
    </ClCompile>
    <ClCompile Include="BOJ11408.cpp">
      <Filter>Source Files\acmicpc</Filter>
    </ClCompile>
    <ClCompile Include="BOJ11407.cpp">
      <Filter>Source Files\acmicpc</Filter>
    </ClCompile>
    <ClCompile Include="BOJ3640.cpp">
      <Filter>Source Files\acmicpc</Filter>
    </ClCompile>
    <ClCompile Include="BOJ13055.cpp">
      <Filter>Source Files\acmicpc</Filter>
    </ClCompile>
    <ClCompile Include="fourier_transform.cpp">
      <Filter>Source Files\libraries</Filter>
    </ClCompile>
    <ClCompile Include="BOJ1000.cpp">
      <Filter>Source Files\acmicpc</Filter>
    </ClCompile>
    <ClCompile Include="BOJ11409.cpp">
      <Filter>Source Files\acmicpc</Filter>
    </ClCompile>
    <ClCompile Include="BOJ18903.cpp">
      <Filter>Source Files\acmicpc</Filter>
    </ClCompile>
    <ClCompile Include="BOJ2191.cpp">
      <Filter>Source Files\acmicpc</Filter>
    </ClCompile>
    <ClCompile Include="BOJ15686.cpp">
      <Filter>Source Files\acmicpc</Filter>
    </ClCompile>
    <ClCompile Include="BOJ20150.cpp">
      <Filter>Source Files\acmicpc</Filter>
    </ClCompile>
    <ClCompile Include="BOJ20151.cpp">
      <Filter>Source Files\acmicpc</Filter>
    </ClCompile>
    <ClCompile Include="BOJ2146.cpp">
      <Filter>Source Files\acmicpc</Filter>
    </ClCompile>
    <ClCompile Include="CF928-A.cpp">
      <Filter>Source Files\codeforces</Filter>
    </ClCompile>
    <ClCompile Include="CF928-B.cpp">
      <Filter>Source Files\codeforces</Filter>
    </ClCompile>
    <ClCompile Include="CF928-C.cpp">
      <Filter>Source Files\codeforces</Filter>
    </ClCompile>
    <ClCompile Include="CF928-D.cpp">
      <Filter>Source Files\codeforces</Filter>
    </ClCompile>
    <ClCompile Include="CF928-E.cpp">
      <Filter>Source Files\codeforces</Filter>
    </ClCompile>
    <ClCompile Include="CF937-A.cpp">
      <Filter>Source Files\codeforces</Filter>
    </ClCompile>
    <ClCompile Include="CF937-B.cpp">
      <Filter>Source Files\codeforces</Filter>
    </ClCompile>
    <ClCompile Include="CF937-C.cpp">
      <Filter>Source Files\codeforces</Filter>
    </ClCompile>
    <ClCompile Include="CF937-D.cpp">
      <Filter>Source Files\codeforces</Filter>
    </ClCompile>
    <ClCompile Include="CF937-E.cpp">
      <Filter>Source Files\codeforces</Filter>
    </ClCompile>
    <ClCompile Include="CF937-F.cpp">
      <Filter>Source Files\codeforces</Filter>
    </ClCompile>
    <ClCompile Include="BOJ8992.cpp">
      <Filter>Source Files\acmicpc</Filter>
    </ClCompile>
    <ClCompile Include="BOJ6497.cpp">
      <Filter>Source Files\acmicpc</Filter>
    </ClCompile>
    <ClCompile Include="BOJ1504.cpp">
      <Filter>Source Files\acmicpc</Filter>
    </ClCompile>
    <ClCompile Include="BOJ1956.cpp">
      <Filter>Source Files\acmicpc</Filter>
    </ClCompile>
    <ClCompile Include="BOJ16928.cpp">
      <Filter>Source Files\acmicpc</Filter>
    </ClCompile>
    <ClCompile Include="BOJ2389.cpp">
      <Filter>Source Files\acmicpc</Filter>
    </ClCompile>
    <ClCompile Include="BOJ2626.cpp">
      <Filter>Source Files\acmicpc</Filter>
    </ClCompile>
    <ClCompile Include="BOJ15170.cpp">
      <Filter>Source Files\acmicpc</Filter>
    </ClCompile>
    <ClCompile Include="BOJ1648.cpp">
      <Filter>Source Files\acmicpc</Filter>
    </ClCompile>
    <ClCompile Include="BOJ11930.cpp">
      <Filter>Source Files\acmicpc</Filter>
    </ClCompile>
    <ClCompile Include="BOJ9158.cpp">
      <Filter>Source Files\acmicpc</Filter>
    </ClCompile>
    <ClCompile Include="BOJ21182.cpp">
      <Filter>Source Files\acmicpc</Filter>
    </ClCompile>
    <ClCompile Include="BOJ10517.cpp">
      <Filter>Source Files\acmicpc</Filter>
    </ClCompile>
    <ClCompile Include="BOJ27948.cpp">
      <Filter>Source Files\acmicpc</Filter>
    </ClCompile>
    <ClCompile Include="BOJ14565.cpp">
      <Filter>Source Files\acmicpc</Filter>
    </ClCompile>
    <ClCompile Include="mod_inverse.cpp">
      <Filter>Source Files\libraries</Filter>
    </ClCompile>
    <ClCompile Include="BOJ1648.cpp">
      <Filter>Source Files\acmicpc</Filter>
    </ClCompile>
    <ClCompile Include="BOJ2133.cpp">
      <Filter>Source Files\acmicpc</Filter>
    </ClCompile>
    <ClCompile Include="BOJ13976.cpp">
      <Filter>Source Files\acmicpc</Filter>
    </ClCompile>
    <ClCompile Include="BOJ1648.cpp">
      <Filter>Source Files\acmicpc</Filter>
    </ClCompile>
    <ClCompile Include="BOJ14852.cpp">
      <Filter>Source Files\acmicpc</Filter>
    </ClCompile>
    <ClCompile Include="BOJ1047.cpp">
      <Filter>Source Files\acmicpc</Filter>
    </ClCompile>
    <ClCompile Include="BOJ1099.cpp">
      <Filter>Source Files\acmicpc</Filter>
    </ClCompile>
    <ClCompile Include="BOJ1160.cpp">
      <Filter>Source Files\acmicpc</Filter>
    </ClCompile>
    <ClCompile Include="BOJ1939.cpp">
      <Filter>Source Files\acmicpc</Filter>
    </ClCompile>
    <ClCompile Include="BOJ3197.cpp">
      <Filter>Source Files\acmicpc</Filter>
    </ClCompile>
    <ClCompile Include="BOJ11563.cpp">
      <Filter>Source Files\acmicpc</Filter>
    </ClCompile>
    <ClCompile Include="BOJ10321.cpp">
      <Filter>Source Files\acmicpc</Filter>
    </ClCompile>
    <ClCompile Include="BOJ5255.cpp">
      <Filter>Source Files\acmicpc</Filter>
    </ClCompile>
    <ClCompile Include="BOJ3903.cpp">
      <Filter>Source Files\acmicpc</Filter>
    </ClCompile>
    <ClCompile Include="BOJ21048.cpp">
      <Filter>Source Files\acmicpc</Filter>
    </ClCompile>
    <ClCompile Include="BOJ3906.cpp">
      <Filter>Source Files\acmicpc</Filter>
    </ClCompile>
    <ClCompile Include="BOJ1288.cpp">
      <Filter>Source Files\acmicpc</Filter>
    </ClCompile>
    <ClCompile Include="BOJ25783.cpp">
      <Filter>Source Files\acmicpc</Filter>
    </ClCompile>
    <ClCompile Include="BOJ23194.cpp">
      <Filter>Source Files\acmicpc</Filter>
    </ClCompile>
    <ClCompile Include="BOJ1077.cpp">
      <Filter>Source Files\acmicpc</Filter>
    </ClCompile>
    <ClCompile Include="BOJ11748.cpp">
      <Filter>Source Files\acmicpc</Filter>
    </ClCompile>
    <ClCompile Include="BOJ2536.cpp">
      <Filter>Source Files\acmicpc</Filter>
    </ClCompile>
    <ClCompile Include="BOJ13246.cpp">
      <Filter>Source Files\acmicpc</Filter>
    </ClCompile>
    <ClCompile Include="BOJ14939.cpp">
      <Filter>Source Files\acmicpc</Filter>
    </ClCompile>
    <ClCompile Include="BOJ13279.cpp">
      <Filter>Source Files\acmicpc</Filter>
    </ClCompile>
    <ClCompile Include="CF954-A.cpp">
      <Filter>Source Files\codeforces</Filter>
    </ClCompile>
    <ClCompile Include="CF954-B.cpp">
      <Filter>Source Files\codeforces</Filter>
    </ClCompile>
    <ClCompile Include="CF954-C.cpp">
      <Filter>Source Files\codeforces</Filter>
    </ClCompile>
    <ClCompile Include="CF954-D.cpp">
      <Filter>Source Files\codeforces</Filter>
    </ClCompile>
    <ClCompile Include="CF954-E.cpp">
      <Filter>Source Files\codeforces</Filter>
    </ClCompile>
    <ClCompile Include="BOJ1648.cpp">
      <Filter>Source Files\acmicpc</Filter>
    </ClCompile>
    <ClCompile Include="BOJ13545.cpp">
      <Filter>Source Files\acmicpc</Filter>
    </ClCompile>
    <ClCompile Include="BOJ13550.cpp">
      <Filter>Source Files\acmicpc</Filter>
    </ClCompile>
    <ClCompile Include="BOJ13546.cpp">
      <Filter>Source Files\acmicpc</Filter>
    </ClCompile>
    <ClCompile Include="BOJ13553.cpp">
      <Filter>Source Files\acmicpc</Filter>
    </ClCompile>
    <ClCompile Include="BOJ4149.cpp">
      <Filter>Source Files\acmicpc</Filter>
    </ClCompile>
    <ClCompile Include="BOJ13926.cpp">
      <Filter>Source Files\acmicpc</Filter>
    </ClCompile>
    <ClCompile Include="BOJ10854.cpp">
      <Filter>Source Files\acmicpc</Filter>
    </ClCompile>
    <ClCompile Include="BOJ1688.cpp">
      <Filter>Source Files\acmicpc</Filter>
    </ClCompile>
    <ClCompile Include="BOJ12928.cpp">
      <Filter>Source Files\acmicpc</Filter>
    </ClCompile>
    <ClCompile Include="BOJ3474.cpp">
      <Filter>Source Files\acmicpc</Filter>
    </ClCompile>
    <ClCompile Include="BOJ14507.cpp">
      <Filter>Source Files\acmicpc</Filter>
    </ClCompile>
    <ClCompile Include="BOJ1169.cpp">
      <Filter>Source Files\acmicpc</Filter>
    </ClCompile>
    <ClCompile Include="BOJ9240.cpp">
      <Filter>Source Files\acmicpc</Filter>
    </ClCompile>
    <ClCompile Include="BOJ7890.cpp">
      <Filter>Source Files\acmicpc</Filter>
    </ClCompile>
    <ClCompile Include="BOJ1648.cpp">
      <Filter>Source Files\acmicpc</Filter>
    </ClCompile>
    <ClCompile Include="BOJ17131.cpp">
      <Filter>Source Files\acmicpc</Filter>
    </ClCompile>
    <ClCompile Include="BOJ1648.cpp">
      <Filter>Source Files\acmicpc</Filter>
    </ClCompile>
    <ClCompile Include="BOJ1648.cpp">
      <Filter>Source Files\acmicpc</Filter>
    </ClCompile>
    <ClCompile Include="BOJ12963.cpp">
      <Filter>Source Files\acmicpc</Filter>
    </ClCompile>
    <ClCompile Include="BOJ4792.cpp">
      <Filter>Source Files\acmicpc</Filter>
    </ClCompile>
    <ClCompile Include="BOJ1648.cpp">
      <Filter>Source Files\acmicpc</Filter>
    </ClCompile>
    <ClCompile Include="CF962-A.cpp">
      <Filter>Source Files\codeforces</Filter>
    </ClCompile>
    <ClCompile Include="CF962-B.cpp">
      <Filter>Source Files\codeforces</Filter>
    </ClCompile>
    <ClCompile Include="CF962-C.cpp">
      <Filter>Source Files\codeforces</Filter>
    </ClCompile>
    <ClCompile Include="CF962-D.cpp">
      <Filter>Source Files\codeforces</Filter>
    </ClCompile>
    <ClCompile Include="CF962-E.cpp">
      <Filter>Source Files\codeforces</Filter>
    </ClCompile>
    <ClCompile Include="CF962-F.cpp">
      <Filter>Source Files\codeforces</Filter>
    </ClCompile>
    <ClCompile Include="BOJ1648.cpp">
      <Filter>Source Files\acmicpc</Filter>
    </ClCompile>
    <ClCompile Include="BOJ19508.cpp">
      <Filter>Source Files\acmicpc</Filter>
    </ClCompile>
    <ClCompile Include="BOJ10564.cpp">
      <Filter>Source Files\acmicpc</Filter>
    </ClCompile>
    <ClCompile Include="BOJ7684.cpp">
      <Filter>Source Files\acmicpc</Filter>
    </ClCompile>
    <ClCompile Include="BOJ4296.cpp">
      <Filter>Source Files\acmicpc</Filter>
    </ClCompile>
    <ClCompile Include="BOJ24513.cpp">
      <Filter>Source Files\acmicpc</Filter>
    </ClCompile>
    <ClCompile Include="BOJ13509.cpp">
      <Filter>Source Files\acmicpc</Filter>
    </ClCompile>
    <ClCompile Include="BOJ1175.cpp">
      <Filter>Source Files\acmicpc</Filter>
    </ClCompile>
    <ClCompile Include="BOJ22944.cpp">
      <Filter>Source Files\acmicpc</Filter>
    </ClCompile>
    <ClCompile Include="TUK0052.cpp">
      <Filter>Source Files\tukorea</Filter>
    </ClCompile>
    <ClCompile Include="BOJ1221.cpp">
      <Filter>Source Files\acmicpc</Filter>
    </ClCompile>
    <ClCompile Include="BOJ1107.cpp">
      <Filter>Source Files\acmicpc</Filter>
    </ClCompile>
    <ClCompile Include="BOJ13275.cpp">
      <Filter>Source Files\acmicpc</Filter>
    </ClCompile>
    <ClCompile Include="BOJ16163.cpp">
      <Filter>Source Files\acmicpc</Filter>
    </ClCompile>
    <ClCompile Include="BOJ1229.cpp">
      <Filter>Source Files\acmicpc</Filter>
    </ClCompile>
    <ClCompile Include="BOJ2378.cpp">
      <Filter>Source Files\acmicpc</Filter>
    </ClCompile>
    <ClCompile Include="BOJ3655.cpp">
      <Filter>Source Files\acmicpc</Filter>
    </ClCompile>
    <ClCompile Include="BOJ3689.cpp">
      <Filter>Source Files\acmicpc</Filter>
    </ClCompile>
    <ClCompile Include="BOJ2550.cpp">
      <Filter>Source Files\acmicpc</Filter>
    </ClCompile>
    <ClCompile Include="BOJ1813.cpp">
      <Filter>Source Files\acmicpc</Filter>
    </ClCompile>
    <ClCompile Include="BOJ2094.cpp">
      <Filter>Source Files\acmicpc</Filter>
    </ClCompile>
    <ClCompile Include="BOJ11658.cpp">
      <Filter>Source Files\acmicpc</Filter>
    </ClCompile>
    <ClCompile Include="BOJ25599.cpp">
      <Filter>Source Files\acmicpc</Filter>
    </ClCompile>
    <ClCompile Include="BOJ17399.cpp">
      <Filter>Source Files\acmicpc</Filter>
    </ClCompile>
    <ClCompile Include="BOJ13505.cpp">
      <Filter>Source Files\acmicpc</Filter>
    </ClCompile>
    <ClCompile Include="BOJ24910.cpp">
      <Filter>Source Files\acmicpc</Filter>
    </ClCompile>
    <ClCompile Include="CF966-A.cpp">
      <Filter>Source Files\codeforces</Filter>
    </ClCompile>
    <ClCompile Include="CF966-B.cpp">
      <Filter>Source Files\codeforces</Filter>
    </ClCompile>
    <ClCompile Include="CF966-C.cpp">
      <Filter>Source Files\codeforces</Filter>
    </ClCompile>
    <ClCompile Include="CF966-D.cpp">
      <Filter>Source Files\codeforces</Filter>
    </ClCompile>
    <ClCompile Include="CF966-E.cpp">
      <Filter>Source Files\codeforces</Filter>
    </ClCompile>
    <ClCompile Include="CF966-F.cpp">
      <Filter>Source Files\codeforces</Filter>
    </ClCompile>
    <ClCompile Include="BOJ1245.cpp">
      <Filter>Source Files\acmicpc</Filter>
    </ClCompile>
    <ClCompile Include="BOJ2313.cpp">
      <Filter>Source Files\acmicpc</Filter>
    </ClCompile>
    <ClCompile Include="BOJ2288.cpp">
      <Filter>Source Files\acmicpc</Filter>
    </ClCompile>
    <ClCompile Include="BOJ10422.cpp">
      <Filter>Source Files\acmicpc</Filter>
    </ClCompile>
    <ClCompile Include="BOJ24462.cpp">
      <Filter>Source Files\acmicpc</Filter>
    </ClCompile>
    <ClCompile Include="BOJ10423.cpp">
      <Filter>Source Files\acmicpc</Filter>
    </ClCompile>
    <ClCompile Include="BOJ5093.cpp">
      <Filter>Source Files\acmicpc</Filter>
    </ClCompile>
    <ClCompile Include="BOJ14789.cpp">
      <Filter>Source Files\acmicpc</Filter>
    </ClCompile>
    <ClCompile Include="breadth-first_search.cpp">
      <Filter>Source Files\libraries</Filter>
    </ClCompile>
    <ClCompile Include="BOJ15947.cpp">
      <Filter>Source Files\acmicpc</Filter>
    </ClCompile>
    <ClCompile Include="BOJ26517.cpp">
      <Filter>Source Files\acmicpc</Filter>
    </ClCompile>
    <ClCompile Include="BOJ20035.cpp">
      <Filter>Source Files\acmicpc</Filter>
    </ClCompile>
    <ClCompile Include="BOJ10529.cpp">
      <Filter>Source Files\acmicpc</Filter>
    </ClCompile>
    <ClCompile Include="BOJ2275.cpp">
      <Filter>Source Files\acmicpc</Filter>
    </ClCompile>
    <ClCompile Include="BOJ1757.cpp">
      <Filter>Source Files\acmicpc</Filter>
    </ClCompile>
    <ClCompile Include="BOJ2572.cpp">
      <Filter>Source Files\acmicpc</Filter>
    </ClCompile>
    <ClCompile Include="BOJ27314.cpp">
      <Filter>Source Files\acmicpc</Filter>
    </ClCompile>
    <ClCompile Include="BOJ2765.cpp">
      <Filter>Source Files\acmicpc</Filter>
    </ClCompile>
    <ClCompile Include="BOJ16827.cpp">
      <Filter>Source Files\acmicpc</Filter>
    </ClCompile>
    <ClCompile Include="BOJ21202.cpp">
      <Filter>Source Files\acmicpc</Filter>
    </ClCompile>
    <ClCompile Include="BOJ12004.cpp">
      <Filter>Source Files\acmicpc</Filter>
    </ClCompile>
    <ClCompile Include="BOJ3193.cpp">
      <Filter>Source Files\acmicpc</Filter>
    </ClCompile>
    <ClCompile Include="BOJ27651.cpp">
      <Filter>Source Files\acmicpc</Filter>
    </ClCompile>
    <ClCompile Include="BOJ19584.cpp">
      <Filter>Source Files\acmicpc</Filter>
    </ClCompile>
    <ClCompile Include="BOJ20127.cpp">
      <Filter>Source Files\acmicpc</Filter>
    </ClCompile>
    <ClCompile Include="BOJ2419.cpp">
      <Filter>Source Files\acmicpc</Filter>
    </ClCompile>
    <ClCompile Include="BOJ25427.cpp">
      <Filter>Source Files\acmicpc</Filter>
    </ClCompile>
    <ClCompile Include="BOJ7538.cpp">
      <Filter>Source Files\acmicpc</Filter>
    </ClCompile>
    <ClCompile Include="BOJ5944.cpp">
      <Filter>Source Files\acmicpc</Filter>
    </ClCompile>
    <ClCompile Include="BOJ12429.cpp">
      <Filter>Source Files\acmicpc</Filter>
    </ClCompile>
    <ClCompile Include="BOJ1619.cpp">
      <Filter>Source Files\acmicpc</Filter>
    </ClCompile>
    <ClCompile Include="BOJ31383.cpp">
      <Filter>Source Files\acmicpc</Filter>
    </ClCompile>
    <ClCompile Include="BOJ28343.cpp">
      <Filter>Source Files\acmicpc</Filter>
    </ClCompile>
    <ClCompile Include="BOJ25361.cpp">
      <Filter>Source Files\acmicpc</Filter>
    </ClCompile>
    <ClCompile Include="BOJ1633.cpp">
      <Filter>Source Files\acmicpc</Filter>
    </ClCompile>
    <ClCompile Include="BOJ10520.cpp">
      <Filter>Source Files\acmicpc</Filter>
    </ClCompile>
    <ClCompile Include="BOJ14812.cpp">
      <Filter>Source Files\acmicpc</Filter>
    </ClCompile>
    <ClCompile Include="BOJ23369.cpp">
      <Filter>Source Files\acmicpc</Filter>
    </ClCompile>
    <ClCompile Include="BOJ6797.cpp">
      <Filter>Source Files\acmicpc</Filter>
    </ClCompile>
    <ClCompile Include="BOJ21854.cpp">
      <Filter>Source Files\acmicpc</Filter>
    </ClCompile>
    <ClCompile Include="BOJ16069.cpp">
      <Filter>Source Files\acmicpc</Filter>
    </ClCompile>
    <ClCompile Include="BOJ18246.cpp">
      <Filter>Source Files\acmicpc</Filter>
    </ClCompile>
    <ClCompile Include="BOJ5479.cpp">
      <Filter>Source Files\acmicpc</Filter>
    </ClCompile>
    <ClCompile Include="BOJ11012.cpp">
      <Filter>Source Files\acmicpc</Filter>
    </ClCompile>
    <ClCompile Include="BOJ13964.cpp">
      <Filter>Source Files\acmicpc</Filter>
    </ClCompile>
    <ClCompile Include="BOJ12981.cpp">
      <Filter>Source Files\acmicpc</Filter>
    </ClCompile>
    <ClCompile Include="BOJ12982.cpp">
      <Filter>Source Files\acmicpc</Filter>
    </ClCompile>
    <ClCompile Include="BOJ32210.cpp">
      <Filter>Source Files\acmicpc</Filter>
    </ClCompile>
    <ClCompile Include="BOJ3087.cpp">
      <Filter>Source Files\acmicpc</Filter>
    </ClCompile>
    <ClCompile Include="BOJ6832.cpp">
      <Filter>Source Files\acmicpc</Filter>
    </ClCompile>
    <ClCompile Include="BOJ24600.cpp">
      <Filter>Source Files\acmicpc</Filter>
    </ClCompile>
    <ClCompile Include="BOJ25571.cpp">
      <Filter>Source Files\acmicpc</Filter>
    </ClCompile>
    <ClCompile Include="BOJ7579.cpp">
      <Filter>Source Files\acmicpc</Filter>
    </ClCompile>
    <ClCompile Include="BOJ21262.cpp">
      <Filter>Source Files\acmicpc</Filter>
    </ClCompile>
    <ClCompile Include="BOJ5873.cpp">
      <Filter>Source Files\acmicpc</Filter>
    </ClCompile>
    <ClCompile Include="BOJ17196.cpp">
      <Filter>Source Files\acmicpc</Filter>
    </ClCompile>
    <ClCompile Include="BOJ3693.cpp">
      <Filter>Source Files\acmicpc</Filter>
    </ClCompile>
    <ClCompile Include="BOJ15108.cpp">
      <Filter>Source Files\acmicpc</Filter>
    </ClCompile>
    <ClCompile Include="BOJ5829.cpp">
      <Filter>Source Files\acmicpc</Filter>
    </ClCompile>
    <ClCompile Include="BOJ1797.cpp">
      <Filter>Source Files\acmicpc</Filter>
    </ClCompile>
    <ClCompile Include="BOJ6595.cpp">
      <Filter>Source Files\acmicpc</Filter>
    </ClCompile>
    <ClCompile Include="BOJ10330.cpp">
      <Filter>Source Files\acmicpc</Filter>
    </ClCompile>
    <ClCompile Include="BOJ9176.cpp">
      <Filter>Source Files\acmicpc</Filter>
    </ClCompile>
    <ClCompile Include="BOJ5015.cpp">
      <Filter>Source Files\acmicpc</Filter>
    </ClCompile>
    <ClCompile Include="BOJ6209.cpp">
      <Filter>Source Files\acmicpc</Filter>
    </ClCompile>
    <ClCompile Include="BOJ2398.cpp">
      <Filter>Source Files\acmicpc</Filter>
    </ClCompile>
    <ClCompile Include="CF974-A.cpp">
      <Filter>Source Files\codeforces</Filter>
    </ClCompile>
    <ClCompile Include="CF974-B.cpp">
      <Filter>Source Files\codeforces</Filter>
    </ClCompile>
    <ClCompile Include="CF974-C.cpp">
      <Filter>Source Files\codeforces</Filter>
    </ClCompile>
    <ClCompile Include="CF974-D.cpp">
      <Filter>Source Files\codeforces</Filter>
    </ClCompile>
    <ClCompile Include="CF974-E.cpp">
      <Filter>Source Files\codeforces</Filter>
    </ClCompile>
    <ClCompile Include="BOJ13214.cpp">
      <Filter>Source Files\acmicpc</Filter>
    </ClCompile>
    <ClCompile Include="BOJ2487.cpp">
      <Filter>Source Files\acmicpc</Filter>
    </ClCompile>
    <ClCompile Include="CF976-A.cpp">
      <Filter>Source Files\codeforces</Filter>
    </ClCompile>
    <ClCompile Include="BOJ31813.cpp">
      <Filter>Source Files\acmicpc</Filter>
    </ClCompile>
    <ClCompile Include="CF975-A.cpp">
      <Filter>Source Files\codeforces</Filter>
    </ClCompile>
    <ClCompile Include="CF975-B.cpp">
      <Filter>Source Files\codeforces</Filter>
    </ClCompile>
    <ClCompile Include="CF975-C.cpp">
      <Filter>Source Files\codeforces</Filter>
    </ClCompile>
    <ClCompile Include="BOJ6990.cpp">
      <Filter>Source Files\acmicpc</Filter>
    </ClCompile>
    <ClCompile Include="BOJ11792.cpp">
      <Filter>Source Files\acmicpc</Filter>
    </ClCompile>
    <ClCompile Include="CF988-A.cpp">
      <Filter>Source Files\codeforces</Filter>
    </ClCompile>
    <ClCompile Include="CF988-B.cpp">
      <Filter>Source Files\codeforces</Filter>
    </ClCompile>
    <ClCompile Include="CF988-C.cpp">
      <Filter>Source Files\codeforces</Filter>
    </ClCompile>
    <ClCompile Include="CF988-D.cpp">
      <Filter>Source Files\codeforces</Filter>
    </ClCompile>
    <ClCompile Include="CF988-G.cpp">
      <Filter>Source Files\codeforces</Filter>
    </ClCompile>
    <ClCompile Include="BOJ9359.cpp">
      <Filter>Source Files\acmicpc</Filter>
    </ClCompile>
    <ClCompile Include="BOJ1441.cpp">
      <Filter>Source Files\acmicpc</Filter>
    </ClCompile>
    <ClCompile Include="BOJ5615.cpp">
      <Filter>Source Files\acmicpc</Filter>
    </ClCompile>
    <ClCompile Include="BOJ17436.cpp">
      <Filter>Source Files\acmicpc</Filter>
    </ClCompile>
    <ClCompile Include="BOJ28706.cpp">
      <Filter>Source Files\acmicpc</Filter>
    </ClCompile>
    <ClCompile Include="BOJ9567.cpp">
      <Filter>Source Files\acmicpc</Filter>
    </ClCompile>
    <ClCompile Include="BOJ21128.cpp">
      <Filter>Source Files\acmicpc</Filter>
    </ClCompile>
    <ClCompile Include="BOJ13265.cpp">
      <Filter>Source Files\acmicpc</Filter>
    </ClCompile>
    <ClCompile Include="BOJ1953.cpp">
      <Filter>Source Files\acmicpc</Filter>
    </ClCompile>
    <ClCompile Include="BOJ27603.cpp">
      <Filter>Source Files\acmicpc</Filter>
    </ClCompile>
    <ClCompile Include="BOJ30901.cpp">
      <Filter>Source Files\acmicpc</Filter>
    </ClCompile>
    <ClCompile Include="BOJ11183.cpp">
      <Filter>Source Files\acmicpc</Filter>
    </ClCompile>
    <ClCompile Include="BOJ4530.cpp">
      <Filter>Source Files\acmicpc</Filter>
    </ClCompile>
    <ClCompile Include="BOJ1988.cpp">
      <Filter>Source Files\acmicpc</Filter>
    </ClCompile>
    <ClCompile Include="BOJ14817.cpp">
      <Filter>Source Files\acmicpc</Filter>
    </ClCompile>
    <ClCompile Include="BOJ16576.cpp">
      <Filter>Source Files\acmicpc</Filter>
    </ClCompile>
    <ClCompile Include="BOJ21147.cpp">
      <Filter>Source Files\acmicpc</Filter>
    </ClCompile>
    <ClCompile Include="BOJ21821.cpp">
      <Filter>Source Files\acmicpc</Filter>
    </ClCompile>
    <ClCompile Include="BOJ14454.cpp">
      <Filter>Source Files\acmicpc</Filter>
    </ClCompile>
  </ItemGroup>
</Project>